
Microsoft Visual Studio Solution File, Format Version 12.00
# Visual Studio 15
VisualStudioVersion = 15.0.28010.2048
MinimumVisualStudioVersion = 10.0.40219.1
Project("{FAE04EC0-301F-11D3-BF4B-00C04F79EFBC}") = "flowchart", "flowchart\flowchart.csproj", "{15999A70-2CA4-42B5-BE41-CCE7B0EC39C2}"
EndProject
Global
	GlobalSection(SolutionConfigurationPlatforms) = preSolution
		Debug|Any CPU = Debug|Any CPU
		Release|Any CPU = Release|Any CPU
	EndGlobalSection
	GlobalSection(ProjectConfigurationPlatforms) = postSolution
		{15999A70-2CA4-42B5-BE41-CCE7B0EC39C2}.Debug|Any CPU.ActiveCfg = Debug|Any CPU
		{15999A70-2CA4-42B5-BE41-CCE7B0EC39C2}.Debug|Any CPU.Build.0 = Debug|Any CPU
		{15999A70-2CA4-42B5-BE41-CCE7B0EC39C2}.Release|Any CPU.ActiveCfg = Release|Any CPU
		{15999A70-2CA4-42B5-BE41-CCE7B0EC39C2}.Release|Any CPU.Build.0 = Release|Any CPU
	EndGlobalSection
	GlobalSection(SolutionProperties) = preSolution
		HideSolutionNode = FALSE
	EndGlobalSection
	GlobalSection(ExtensibilityGlobals) = postSolution
		SolutionGuid = {B98B2D17-AF65-45FD-A19A-9475E7EF88FB}
	EndGlobalSection
EndGlobal
