
Microsoft Visual Studio Solution File, Format Version 12.00
# Visual Studio 15
VisualStudioVersion = 15.0.28010.2048
MinimumVisualStudioVersion = 10.0.40219.1
Project("{FAE04EC0-301F-11D3-BF4B-00C04F79EFBC}") = "visitor", "visitor\visitor.csproj", "{3AC8B345-2EA5-42A2-8D2B-61C9B5E4738D}"
EndProject
Global
	GlobalSection(SolutionConfigurationPlatforms) = preSolution
		Debug|Any CPU = Debug|Any CPU
		Release|Any CPU = Release|Any CPU
	EndGlobalSection
	GlobalSection(ProjectConfigurationPlatforms) = postSolution
		{3AC8B345-2EA5-42A2-8D2B-61C9B5E4738D}.Debug|Any CPU.ActiveCfg = Debug|Any CPU
		{3AC8B345-2EA5-42A2-8D2B-61C9B5E4738D}.Debug|Any CPU.Build.0 = Debug|Any CPU
		{3AC8B345-2EA5-42A2-8D2B-61C9B5E4738D}.Release|Any CPU.ActiveCfg = Release|Any CPU
		{3AC8B345-2EA5-42A2-8D2B-61C9B5E4738D}.Release|Any CPU.Build.0 = Release|Any CPU
	EndGlobalSection
	GlobalSection(SolutionProperties) = preSolution
		HideSolutionNode = FALSE
	EndGlobalSection
	GlobalSection(ExtensibilityGlobals) = postSolution
		SolutionGuid = {6BAFEF27-E056-46D0-94ED-F47A266A5340}
	EndGlobalSection
EndGlobal
