
Microsoft Visual Studio Solution File, Format Version 12.00
# Visual Studio 15
VisualStudioVersion = 15.0.28010.2048
MinimumVisualStudioVersion = 10.0.40219.1
Project("{FAE04EC0-301F-11D3-BF4B-00C04F79EFBC}") = "performance", "performance\performance.csproj", "{2F860835-27A9-4869-A71B-2B5B13BC6CD6}"
EndProject
Global
	GlobalSection(SolutionConfigurationPlatforms) = preSolution
		Debug|Any CPU = Debug|Any CPU
		Release|Any CPU = Release|Any CPU
	EndGlobalSection
	GlobalSection(ProjectConfigurationPlatforms) = postSolution
		{2F860835-27A9-4869-A71B-2B5B13BC6CD6}.Debug|Any CPU.ActiveCfg = Debug|Any CPU
		{2F860835-27A9-4869-A71B-2B5B13BC6CD6}.Debug|Any CPU.Build.0 = Debug|Any CPU
		{2F860835-27A9-4869-A71B-2B5B13BC6CD6}.Release|Any CPU.ActiveCfg = Release|Any CPU
		{2F860835-27A9-4869-A71B-2B5B13BC6CD6}.Release|Any CPU.Build.0 = Release|Any CPU
	EndGlobalSection
	GlobalSection(SolutionProperties) = preSolution
		HideSolutionNode = FALSE
	EndGlobalSection
	GlobalSection(ExtensibilityGlobals) = postSolution
		SolutionGuid = {4F677E71-DFAE-4172-BAAE-591A10C7687E}
	EndGlobalSection
EndGlobal
