
Microsoft Visual Studio Solution File, Format Version 12.00
# Visual Studio 15
VisualStudioVersion = 15.0.28010.2048
MinimumVisualStudioVersion = 10.0.40219.1
Project("{FAE04EC0-301F-11D3-BF4B-00C04F79EFBC}") = "grid", "grid\grid.csproj", "{7CAABACD-D861-4CFC-BD34-E6D9A842BD8B}"
EndProject
Global
	GlobalSection(SolutionConfigurationPlatforms) = preSolution
		Debug|Any CPU = Debug|Any CPU
		Release|Any CPU = Release|Any CPU
	EndGlobalSection
	GlobalSection(ProjectConfigurationPlatforms) = postSolution
		{7CAABACD-D861-4CFC-BD34-E6D9A842BD8B}.Debug|Any CPU.ActiveCfg = Debug|Any CPU
		{7CAABACD-D861-4CFC-BD34-E6D9A842BD8B}.Debug|Any CPU.Build.0 = Debug|Any CPU
		{7CAABACD-D861-4CFC-BD34-E6D9A842BD8B}.Release|Any CPU.ActiveCfg = Release|Any CPU
		{7CAABACD-D861-4CFC-BD34-E6D9A842BD8B}.Release|Any CPU.Build.0 = Release|Any CPU
	EndGlobalSection
	GlobalSection(SolutionProperties) = preSolution
		HideSolutionNode = FALSE
	EndGlobalSection
	GlobalSection(ExtensibilityGlobals) = postSolution
		SolutionGuid = {6E619B40-2BEF-4D24-A5CD-D31E9CD79333}
	EndGlobalSection
EndGlobal
