
Microsoft Visual Studio Solution File, Format Version 12.00
# Visual Studio 15
VisualStudioVersion = 15.0.28010.2048
MinimumVisualStudioVersion = 10.0.40219.1
Project("{FAE04EC0-301F-11D3-BF4B-00C04F79EFBC}") = "issue", "issue\issue.csproj", "{5AA789AB-F63C-4E3C-9B03-D6D529B62028}"
EndProject
Global
	GlobalSection(SolutionConfigurationPlatforms) = preSolution
		Debug|Any CPU = Debug|Any CPU
		Release|Any CPU = Release|Any CPU
	EndGlobalSection
	GlobalSection(ProjectConfigurationPlatforms) = postSolution
		{5AA789AB-F63C-4E3C-9B03-D6D529B62028}.Debug|Any CPU.ActiveCfg = Debug|Any CPU
		{5AA789AB-F63C-4E3C-9B03-D6D529B62028}.Debug|Any CPU.Build.0 = Debug|Any CPU
		{5AA789AB-F63C-4E3C-9B03-D6D529B62028}.Release|Any CPU.ActiveCfg = Release|Any CPU
		{5AA789AB-F63C-4E3C-9B03-D6D529B62028}.Release|Any CPU.Build.0 = Release|Any CPU
	EndGlobalSection
	GlobalSection(SolutionProperties) = preSolution
		HideSolutionNode = FALSE
	EndGlobalSection
	GlobalSection(ExtensibilityGlobals) = postSolution
		SolutionGuid = {BB84F63F-6A0C-4874-9F76-A90014CDA66F}
	EndGlobalSection
EndGlobal
