
Microsoft Visual Studio Solution File, Format Version 12.00
# Visual Studio 15
VisualStudioVersion = 15.0.28010.2048
MinimumVisualStudioVersion = 10.0.40219.1
Project("{FAE04EC0-301F-11D3-BF4B-00C04F79EFBC}") = "control_scrollviewer", "control_scrollviewer\control_scrollviewer.csproj", "{45AFA7F7-94F1-417F-A4CB-1136C0D7121E}"
EndProject
Global
	GlobalSection(SolutionConfigurationPlatforms) = preSolution
		Debug|Any CPU = Debug|Any CPU
		Release|Any CPU = Release|Any CPU
	EndGlobalSection
	GlobalSection(ProjectConfigurationPlatforms) = postSolution
		{45AFA7F7-94F1-417F-A4CB-1136C0D7121E}.Debug|Any CPU.ActiveCfg = Debug|Any CPU
		{45AFA7F7-94F1-417F-A4CB-1136C0D7121E}.Debug|Any CPU.Build.0 = Debug|Any CPU
		{45AFA7F7-94F1-417F-A4CB-1136C0D7121E}.Release|Any CPU.ActiveCfg = Release|Any CPU
		{45AFA7F7-94F1-417F-A4CB-1136C0D7121E}.Release|Any CPU.Build.0 = Release|Any CPU
	EndGlobalSection
	GlobalSection(SolutionProperties) = preSolution
		HideSolutionNode = FALSE
	EndGlobalSection
	GlobalSection(ExtensibilityGlobals) = postSolution
		SolutionGuid = {88EB13E0-78B2-4B5A-BEE7-D5CBA6A33C56}
	EndGlobalSection
EndGlobal
